// !$*UTF8*$!
{
	archiveVersion = 1;
	classes = {
	};
	objectVersion = 50;
	objects = {

/* Begin PBXBuildFile section */
		0FE84A3A265BE0050051A96E /* AppDelegate.swift in Sources */ = {isa = PBXBuildFile; fileRef = 0FE84A39265BE0050051A96E /* AppDelegate.swift */; };
		0FE84A3C265BE0050051A96E /* SceneDelegate.swift in Sources */ = {isa = PBXBuildFile; fileRef = 0FE84A3B265BE0050051A96E /* SceneDelegate.swift */; };
		0FE84A3E265BE0050051A96E /* ViewController.swift in Sources */ = {isa = PBXBuildFile; fileRef = 0FE84A3D265BE0050051A96E /* ViewController.swift */; };
		0FE84A43265BE0070051A96E /* Assets.xcassets in Resources */ = {isa = PBXBuildFile; fileRef = 0FE84A42265BE0070051A96E /* Assets.xcassets */; };
		0FE84A46265BE0070051A96E /* LaunchScreen.storyboard in Resources */ = {isa = PBXBuildFile; fileRef = 0FE84A44265BE0070051A96E /* LaunchScreen.storyboard */; };
		0FE84A51265BE0070051A96E /* Viper_Reddis_ReaderTests.swift in Sources */ = {isa = PBXBuildFile; fileRef = 0FE84A50265BE0070051A96E /* Viper_Reddis_ReaderTests.swift */; };
		0FE84A5C265BE0070051A96E /* Viper_Reddis_ReaderUITests.swift in Sources */ = {isa = PBXBuildFile; fileRef = 0FE84A5B265BE0070051A96E /* Viper_Reddis_ReaderUITests.swift */; };
/* End PBXBuildFile section */

/* Begin PBXContainerItemProxy section */
		0FE84A4D265BE0070051A96E /* PBXContainerItemProxy */ = {
			isa = PBXContainerItemProxy;
			containerPortal = 0FE84A2E265BE0050051A96E /* Project object */;
			proxyType = 1;
			remoteGlobalIDString = 0FE84A35265BE0050051A96E;
			remoteInfo = "Viper-Reddis-Reader";
		};
		0FE84A58265BE0070051A96E /* PBXContainerItemProxy */ = {
			isa = PBXContainerItemProxy;
			containerPortal = 0FE84A2E265BE0050051A96E /* Project object */;
			proxyType = 1;
			remoteGlobalIDString = 0FE84A35265BE0050051A96E;
			remoteInfo = "Viper-Reddis-Reader";
		};
/* End PBXContainerItemProxy section */

/* Begin PBXFileReference section */
		0FE84A36265BE0050051A96E /* Viper-Reddis-Reader.app */ = {isa = PBXFileReference; explicitFileType = wrapper.application; includeInIndex = 0; path = "Viper-Reddis-Reader.app"; sourceTree = BUILT_PRODUCTS_DIR; };
		0FE84A39265BE0050051A96E /* AppDelegate.swift */ = {isa = PBXFileReference; lastKnownFileType = sourcecode.swift; path = AppDelegate.swift; sourceTree = "<group>"; };
		0FE84A3B265BE0050051A96E /* SceneDelegate.swift */ = {isa = PBXFileReference; lastKnownFileType = sourcecode.swift; path = SceneDelegate.swift; sourceTree = "<group>"; };
		0FE84A3D265BE0050051A96E /* ViewController.swift */ = {isa = PBXFileReference; lastKnownFileType = sourcecode.swift; path = ViewController.swift; sourceTree = "<group>"; };
		0FE84A42265BE0070051A96E /* Assets.xcassets */ = {isa = PBXFileReference; lastKnownFileType = folder.assetcatalog; path = Assets.xcassets; sourceTree = "<group>"; };
		0FE84A45265BE0070051A96E /* Base */ = {isa = PBXFileReference; lastKnownFileType = file.storyboard; name = Base; path = Base.lproj/LaunchScreen.storyboard; sourceTree = "<group>"; };
		0FE84A47265BE0070051A96E /* Info.plist */ = {isa = PBXFileReference; lastKnownFileType = text.plist.xml; path = Info.plist; sourceTree = "<group>"; };
		0FE84A4C265BE0070051A96E /* Viper-Reddis-ReaderTests.xctest */ = {isa = PBXFileReference; explicitFileType = wrapper.cfbundle; includeInIndex = 0; path = "Viper-Reddis-ReaderTests.xctest"; sourceTree = BUILT_PRODUCTS_DIR; };
		0FE84A50265BE0070051A96E /* Viper_Reddis_ReaderTests.swift */ = {isa = PBXFileReference; lastKnownFileType = sourcecode.swift; path = Viper_Reddis_ReaderTests.swift; sourceTree = "<group>"; };
		0FE84A52265BE0070051A96E /* Info.plist */ = {isa = PBXFileReference; lastKnownFileType = text.plist.xml; path = Info.plist; sourceTree = "<group>"; };
		0FE84A57265BE0070051A96E /* Viper-Reddis-ReaderUITests.xctest */ = {isa = PBXFileReference; explicitFileType = wrapper.cfbundle; includeInIndex = 0; path = "Viper-Reddis-ReaderUITests.xctest"; sourceTree = BUILT_PRODUCTS_DIR; };
		0FE84A5B265BE0070051A96E /* Viper_Reddis_ReaderUITests.swift */ = {isa = PBXFileReference; lastKnownFileType = sourcecode.swift; path = Viper_Reddis_ReaderUITests.swift; sourceTree = "<group>"; };
		0FE84A5D265BE0070051A96E /* Info.plist */ = {isa = PBXFileReference; lastKnownFileType = text.plist.xml; path = Info.plist; sourceTree = "<group>"; };
/* End PBXFileReference section */

/* Begin PBXFrameworksBuildPhase section */
		0FE84A33265BE0050051A96E /* Frameworks */ = {
			isa = PBXFrameworksBuildPhase;
			buildActionMask = 2147483647;
			files = (
			);
			runOnlyForDeploymentPostprocessing = 0;
		};
		0FE84A49265BE0070051A96E /* Frameworks */ = {
			isa = PBXFrameworksBuildPhase;
			buildActionMask = 2147483647;
			files = (
			);
			runOnlyForDeploymentPostprocessing = 0;
		};
		0FE84A54265BE0070051A96E /* Frameworks */ = {
			isa = PBXFrameworksBuildPhase;
			buildActionMask = 2147483647;
			files = (
			);
			runOnlyForDeploymentPostprocessing = 0;
		};
/* End PBXFrameworksBuildPhase section */

/* Begin PBXGroup section */
		0FE84A2D265BE0050051A96E = {
			isa = PBXGroup;
			children = (
				0FE84A38265BE0050051A96E /* Viper-Reddis-Reader */,
				0FE84A4F265BE0070051A96E /* Viper-Reddis-ReaderTests */,
				0FE84A5A265BE0070051A96E /* Viper-Reddis-ReaderUITests */,
				0FE84A37265BE0050051A96E /* Products */,
			);
			sourceTree = "<group>";
		};
		0FE84A37265BE0050051A96E /* Products */ = {
			isa = PBXGroup;
			children = (
				0FE84A36265BE0050051A96E /* Viper-Reddis-Reader.app */,
				0FE84A4C265BE0070051A96E /* Viper-Reddis-ReaderTests.xctest */,
				0FE84A57265BE0070051A96E /* Viper-Reddis-ReaderUITests.xctest */,
			);
			name = Products;
			sourceTree = "<group>";
		};
		0FE84A38265BE0050051A96E /* Viper-Reddis-Reader */ = {
			isa = PBXGroup;
			children = (
				0FE84A39265BE0050051A96E /* AppDelegate.swift */,
				0FE84A3B265BE0050051A96E /* SceneDelegate.swift */,
				0FE84A3D265BE0050051A96E /* ViewController.swift */,
				0FE84A42265BE0070051A96E /* Assets.xcassets */,
				0FE84A44265BE0070051A96E /* LaunchScreen.storyboard */,
				0FE84A47265BE0070051A96E /* Info.plist */,
			);
			path = "Viper-Reddis-Reader";
			sourceTree = "<group>";
		};
		0FE84A4F265BE0070051A96E /* Viper-Reddis-ReaderTests */ = {
			isa = PBXGroup;
			children = (
				0FE84A50265BE0070051A96E /* Viper_Reddis_ReaderTests.swift */,
				0FE84A52265BE0070051A96E /* Info.plist */,
			);
			path = "Viper-Reddis-ReaderTests";
			sourceTree = "<group>";
		};
		0FE84A5A265BE0070051A96E /* Viper-Reddis-ReaderUITests */ = {
			isa = PBXGroup;
			children = (
				0FE84A5B265BE0070051A96E /* Viper_Reddis_ReaderUITests.swift */,
				0FE84A5D265BE0070051A96E /* Info.plist */,
			);
			path = "Viper-Reddis-ReaderUITests";
			sourceTree = "<group>";
		};
/* End PBXGroup section */

/* Begin PBXNativeTarget section */
		0FE84A35265BE0050051A96E /* Viper-Reddis-Reader */ = {
			isa = PBXNativeTarget;
			buildConfigurationList = 0FE84A60265BE0070051A96E /* Build configuration list for PBXNativeTarget "Viper-Reddis-Reader" */;
			buildPhases = (
				0FE84A32265BE0050051A96E /* Sources */,
				0FE84A33265BE0050051A96E /* Frameworks */,
				0FE84A34265BE0050051A96E /* Resources */,
			);
			buildRules = (
			);
			dependencies = (
			);
			name = "Viper-Reddis-Reader";
			productName = "Viper-Reddis-Reader";
			productReference = 0FE84A36265BE0050051A96E /* Viper-Reddis-Reader.app */;
			productType = "com.apple.product-type.application";
		};
		0FE84A4B265BE0070051A96E /* Viper-Reddis-ReaderTests */ = {
			isa = PBXNativeTarget;
			buildConfigurationList = 0FE84A63265BE0070051A96E /* Build configuration list for PBXNativeTarget "Viper-Reddis-ReaderTests" */;
			buildPhases = (
				0FE84A48265BE0070051A96E /* Sources */,
				0FE84A49265BE0070051A96E /* Frameworks */,
				0FE84A4A265BE0070051A96E /* Resources */,
			);
			buildRules = (
			);
			dependencies = (
				0FE84A4E265BE0070051A96E /* PBXTargetDependency */,
			);
			name = "Viper-Reddis-ReaderTests";
			productName = "Viper-Reddis-ReaderTests";
			productReference = 0FE84A4C265BE0070051A96E /* Viper-Reddis-ReaderTests.xctest */;
			productType = "com.apple.product-type.bundle.unit-test";
		};
		0FE84A56265BE0070051A96E /* Viper-Reddis-ReaderUITests */ = {
			isa = PBXNativeTarget;
			buildConfigurationList = 0FE84A66265BE0070051A96E /* Build configuration list for PBXNativeTarget "Viper-Reddis-ReaderUITests" */;
			buildPhases = (
				0FE84A53265BE0070051A96E /* Sources */,
				0FE84A54265BE0070051A96E /* Frameworks */,
				0FE84A55265BE0070051A96E /* Resources */,
			);
			buildRules = (
			);
			dependencies = (
				0FE84A59265BE0070051A96E /* PBXTargetDependency */,
			);
			name = "Viper-Reddis-ReaderUITests";
			productName = "Viper-Reddis-ReaderUITests";
			productReference = 0FE84A57265BE0070051A96E /* Viper-Reddis-ReaderUITests.xctest */;
			productType = "com.apple.product-type.bundle.ui-testing";
		};
/* End PBXNativeTarget section */

/* Begin PBXProject section */
		0FE84A2E265BE0050051A96E /* Project object */ = {
			isa = PBXProject;
			attributes = {
				LastSwiftUpdateCheck = 1250;
				LastUpgradeCheck = 1250;
				TargetAttributes = {
					0FE84A35265BE0050051A96E = {
						CreatedOnToolsVersion = 12.5;
					};
					0FE84A4B265BE0070051A96E = {
						CreatedOnToolsVersion = 12.5;
						TestTargetID = 0FE84A35265BE0050051A96E;
					};
					0FE84A56265BE0070051A96E = {
						CreatedOnToolsVersion = 12.5;
						TestTargetID = 0FE84A35265BE0050051A96E;
					};
				};
			};
			buildConfigurationList = 0FE84A31265BE0050051A96E /* Build configuration list for PBXProject "Viper-Reddis-Reader" */;
			compatibilityVersion = "Xcode 9.3";
			developmentRegion = en;
			hasScannedForEncodings = 0;
			knownRegions = (
				en,
				Base,
			);
			mainGroup = 0FE84A2D265BE0050051A96E;
			productRefGroup = 0FE84A37265BE0050051A96E /* Products */;
			projectDirPath = "";
			projectRoot = "";
			targets = (
				0FE84A35265BE0050051A96E /* Viper-Reddis-Reader */,
				0FE84A4B265BE0070051A96E /* Viper-Reddis-ReaderTests */,
				0FE84A56265BE0070051A96E /* Viper-Reddis-ReaderUITests */,
			);
		};
/* End PBXProject section */

/* Begin PBXResourcesBuildPhase section */
		0FE84A34265BE0050051A96E /* Resources */ = {
			isa = PBXResourcesBuildPhase;
			buildActionMask = 2147483647;
			files = (
				0FE84A46265BE0070051A96E /* LaunchScreen.storyboard in Resources */,
				0FE84A43265BE0070051A96E /* Assets.xcassets in Resources */,
			);
			runOnlyForDeploymentPostprocessing = 0;
		};
		0FE84A4A265BE0070051A96E /* Resources */ = {
			isa = PBXResourcesBuildPhase;
			buildActionMask = 2147483647;
			files = (
			);
			runOnlyForDeploymentPostprocessing = 0;
		};
		0FE84A55265BE0070051A96E /* Resources */ = {
			isa = PBXResourcesBuildPhase;
			buildActionMask = 2147483647;
			files = (
			);
			runOnlyForDeploymentPostprocessing = 0;
		};
/* End PBXResourcesBuildPhase section */

/* Begin PBXSourcesBuildPhase section */
		0FE84A32265BE0050051A96E /* Sources */ = {
			isa = PBXSourcesBuildPhase;
			buildActionMask = 2147483647;
			files = (
				0FE84A3E265BE0050051A96E /* ViewController.swift in Sources */,
				0FE84A3A265BE0050051A96E /* AppDelegate.swift in Sources */,
				0FE84A3C265BE0050051A96E /* SceneDelegate.swift in Sources */,
			);
			runOnlyForDeploymentPostprocessing = 0;
		};
		0FE84A48265BE0070051A96E /* Sources */ = {
			isa = PBXSourcesBuildPhase;
			buildActionMask = 2147483647;
			files = (
				0FE84A51265BE0070051A96E /* Viper_Reddis_ReaderTests.swift in Sources */,
			);
			runOnlyForDeploymentPostprocessing = 0;
		};
		0FE84A53265BE0070051A96E /* Sources */ = {
			isa = PBXSourcesBuildPhase;
			buildActionMask = 2147483647;
			files = (
				0FE84A5C265BE0070051A96E /* Viper_Reddis_ReaderUITests.swift in Sources */,
			);
			runOnlyForDeploymentPostprocessing = 0;
		};
/* End PBXSourcesBuildPhase section */

/* Begin PBXTargetDependency section */
		0FE84A4E265BE0070051A96E /* PBXTargetDependency */ = {
			isa = PBXTargetDependency;
			target = 0FE84A35265BE0050051A96E /* Viper-Reddis-Reader */;
			targetProxy = 0FE84A4D265BE0070051A96E /* PBXContainerItemProxy */;
		};
		0FE84A59265BE0070051A96E /* PBXTargetDependency */ = {
			isa = PBXTargetDependency;
			target = 0FE84A35265BE0050051A96E /* Viper-Reddis-Reader */;
			targetProxy = 0FE84A58265BE0070051A96E /* PBXContainerItemProxy */;
		};
/* End PBXTargetDependency section */

/* Begin PBXVariantGroup section */
		0FE84A44265BE0070051A96E /* LaunchScreen.storyboard */ = {
			isa = PBXVariantGroup;
			children = (
				0FE84A45265BE0070051A96E /* Base */,
			);
			name = LaunchScreen.storyboard;
			sourceTree = "<group>";
		};
/* End PBXVariantGroup section */

/* Begin XCBuildConfiguration section */
		0FE84A5E265BE0070051A96E /* Debug */ = {
			isa = XCBuildConfiguration;
			buildSettings = {
				ALWAYS_SEARCH_USER_PATHS = NO;
				CLANG_ANALYZER_NONNULL = YES;
				CLANG_ANALYZER_NUMBER_OBJECT_CONVERSION = YES_AGGRESSIVE;
				CLANG_CXX_LANGUAGE_STANDARD = "gnu++14";
				CLANG_CXX_LIBRARY = "libc++";
				CLANG_ENABLE_MODULES = YES;
				CLANG_ENABLE_OBJC_ARC = YES;
				CLANG_ENABLE_OBJC_WEAK = YES;
				CLANG_WARN_BLOCK_CAPTURE_AUTORELEASING = YES;
				CLANG_WARN_BOOL_CONVERSION = YES;
				CLANG_WARN_COMMA = YES;
				CLANG_WARN_CONSTANT_CONVERSION = YES;
				CLANG_WARN_DEPRECATED_OBJC_IMPLEMENTATIONS = YES;
				CLANG_WARN_DIRECT_OBJC_ISA_USAGE = YES_ERROR;
				CLANG_WARN_DOCUMENTATION_COMMENTS = YES;
				CLANG_WARN_EMPTY_BODY = YES;
				CLANG_WARN_ENUM_CONVERSION = YES;
				CLANG_WARN_INFINITE_RECURSION = YES;
				CLANG_WARN_INT_CONVERSION = YES;
				CLANG_WARN_NON_LITERAL_NULL_CONVERSION = YES;
				CLANG_WARN_OBJC_IMPLICIT_RETAIN_SELF = YES;
				CLANG_WARN_OBJC_LITERAL_CONVERSION = YES;
				CLANG_WARN_OBJC_ROOT_CLASS = YES_ERROR;
				CLANG_WARN_QUOTED_INCLUDE_IN_FRAMEWORK_HEADER = YES;
				CLANG_WARN_RANGE_LOOP_ANALYSIS = YES;
				CLANG_WARN_STRICT_PROTOTYPES = YES;
				CLANG_WARN_SUSPICIOUS_MOVE = YES;
				CLANG_WARN_UNGUARDED_AVAILABILITY = YES_AGGRESSIVE;
				CLANG_WARN_UNREACHABLE_CODE = YES;
				CLANG_WARN__DUPLICATE_METHOD_MATCH = YES;
				COPY_PHASE_STRIP = NO;
				DEBUG_INFORMATION_FORMAT = dwarf;
				ENABLE_STRICT_OBJC_MSGSEND = YES;
				ENABLE_TESTABILITY = YES;
				GCC_C_LANGUAGE_STANDARD = gnu11;
				GCC_DYNAMIC_NO_PIC = NO;
				GCC_NO_COMMON_BLOCKS = YES;
				GCC_OPTIMIZATION_LEVEL = 0;
				GCC_PREPROCESSOR_DEFINITIONS = (
					"DEBUG=1",
					"$(inherited)",
				);
				GCC_WARN_64_TO_32_BIT_CONVERSION = YES;
				GCC_WARN_ABOUT_RETURN_TYPE = YES_ERROR;
				GCC_WARN_UNDECLARED_SELECTOR = YES;
				GCC_WARN_UNINITIALIZED_AUTOS = YES_AGGRESSIVE;
				GCC_WARN_UNUSED_FUNCTION = YES;
				GCC_WARN_UNUSED_VARIABLE = YES;
				IPHONEOS_DEPLOYMENT_TARGET = 14.5;
				MTL_ENABLE_DEBUG_INFO = INCLUDE_SOURCE;
				MTL_FAST_MATH = YES;
				ONLY_ACTIVE_ARCH = YES;
				SDKROOT = iphoneos;
				SWIFT_ACTIVE_COMPILATION_CONDITIONS = DEBUG;
				SWIFT_OPTIMIZATION_LEVEL = "-Onone";
			};
			name = Debug;
		};
		0FE84A5F265BE0070051A96E /* Release */ = {
			isa = XCBuildConfiguration;
			buildSettings = {
				ALWAYS_SEARCH_USER_PATHS = NO;
				CLANG_ANALYZER_NONNULL = YES;
				CLANG_ANALYZER_NUMBER_OBJECT_CONVERSION = YES_AGGRESSIVE;
				CLANG_CXX_LANGUAGE_STANDARD = "gnu++14";
				CLANG_CXX_LIBRARY = "libc++";
				CLANG_ENABLE_MODULES = YES;
				CLANG_ENABLE_OBJC_ARC = YES;
				CLANG_ENABLE_OBJC_WEAK = YES;
				CLANG_WARN_BLOCK_CAPTURE_AUTORELEASING = YES;
				CLANG_WARN_BOOL_CONVERSION = YES;
				CLANG_WARN_COMMA = YES;
				CLANG_WARN_CONSTANT_CONVERSION = YES;
				CLANG_WARN_DEPRECATED_OBJC_IMPLEMENTATIONS = YES;
				CLANG_WARN_DIRECT_OBJC_ISA_USAGE = YES_ERROR;
				CLANG_WARN_DOCUMENTATION_COMMENTS = YES;
				CLANG_WARN_EMPTY_BODY = YES;
				CLANG_WARN_ENUM_CONVERSION = YES;
				CLANG_WARN_INFINITE_RECURSION = YES;
				CLANG_WARN_INT_CONVERSION = YES;
				CLANG_WARN_NON_LITERAL_NULL_CONVERSION = YES;
				CLANG_WARN_OBJC_IMPLICIT_RETAIN_SELF = YES;
				CLANG_WARN_OBJC_LITERAL_CONVERSION = YES;
				CLANG_WARN_OBJC_ROOT_CLASS = YES_ERROR;
				CLANG_WARN_QUOTED_INCLUDE_IN_FRAMEWORK_HEADER = YES;
				CLANG_WARN_RANGE_LOOP_ANALYSIS = YES;
				CLANG_WARN_STRICT_PROTOTYPES = YES;
				CLANG_WARN_SUSPICIOUS_MOVE = YES;
				CLANG_WARN_UNGUARDED_AVAILABILITY = YES_AGGRESSIVE;
				CLANG_WARN_UNREACHABLE_CODE = YES;
				CLANG_WARN__DUPLICATE_METHOD_MATCH = YES;
				COPY_PHASE_STRIP = NO;
				DEBUG_INFORMATION_FORMAT = "dwarf-with-dsym";
				ENABLE_NS_ASSERTIONS = NO;
				ENABLE_STRICT_OBJC_MSGSEND = YES;
				GCC_C_LANGUAGE_STANDARD = gnu11;
				GCC_NO_COMMON_BLOCKS = YES;
				GCC_WARN_64_TO_32_BIT_CONVERSION = YES;
				GCC_WARN_ABOUT_RETURN_TYPE = YES_ERROR;
				GCC_WARN_UNDECLARED_SELECTOR = YES;
				GCC_WARN_UNINITIALIZED_AUTOS = YES_AGGRESSIVE;
				GCC_WARN_UNUSED_FUNCTION = YES;
				GCC_WARN_UNUSED_VARIABLE = YES;
				IPHONEOS_DEPLOYMENT_TARGET = 14.5;
				MTL_ENABLE_DEBUG_INFO = NO;
				MTL_FAST_MATH = YES;
				SDKROOT = iphoneos;
				SWIFT_COMPILATION_MODE = wholemodule;
				SWIFT_OPTIMIZATION_LEVEL = "-O";
				VALIDATE_PRODUCT = YES;
			};
			name = Release;
		};
		0FE84A61265BE0070051A96E /* Debug */ = {
			isa = XCBuildConfiguration;
			buildSettings = {
				ASSETCATALOG_COMPILER_APPICON_NAME = AppIcon;
				ASSETCATALOG_COMPILER_GLOBAL_ACCENT_COLOR_NAME = AccentColor;
				CODE_SIGN_STYLE = Automatic;
				INFOPLIST_FILE = "Viper-Reddis-Reader/Info.plist";
				LD_RUNPATH_SEARCH_PATHS = (
					"$(inherited)",
					"@executable_path/Frameworks",
				);
				PRODUCT_BUNDLE_IDENTIFIER = "com.nievesjesus.Viper-Reddis-Reader";
				PRODUCT_NAME = "$(TARGET_NAME)";
				SWIFT_VERSION = 5.0;
				TARGETED_DEVICE_FAMILY = "1,2";
			};
			name = Debug;
		};
		0FE84A62265BE0070051A96E /* Release */ = {
			isa = XCBuildConfiguration;
			buildSettings = {
				ASSETCATALOG_COMPILER_APPICON_NAME = AppIcon;
				ASSETCATALOG_COMPILER_GLOBAL_ACCENT_COLOR_NAME = AccentColor;
				CODE_SIGN_STYLE = Automatic;
				INFOPLIST_FILE = "Viper-Reddis-Reader/Info.plist";
				LD_RUNPATH_SEARCH_PATHS = (
					"$(inherited)",
					"@executable_path/Frameworks",
				);
				PRODUCT_BUNDLE_IDENTIFIER = "com.nievesjesus.Viper-Reddis-Reader";
				PRODUCT_NAME = "$(TARGET_NAME)";
				SWIFT_VERSION = 5.0;
				TARGETED_DEVICE_FAMILY = "1,2";
			};
			name = Release;
		};
		0FE84A64265BE0070051A96E /* Debug */ = {
			isa = XCBuildConfiguration;
			buildSettings = {
				ALWAYS_EMBED_SWIFT_STANDARD_LIBRARIES = YES;
				BUNDLE_LOADER = "$(TEST_HOST)";
				CODE_SIGN_STYLE = Automatic;
				INFOPLIST_FILE = "Viper-Reddis-ReaderTests/Info.plist";
				IPHONEOS_DEPLOYMENT_TARGET = 14.5;
				LD_RUNPATH_SEARCH_PATHS = (
					"$(inherited)",
					"@executable_path/Frameworks",
					"@loader_path/Frameworks",
				);
				PRODUCT_BUNDLE_IDENTIFIER = "com.nievesjesus.Viper-Reddis-ReaderTests";
				PRODUCT_NAME = "$(TARGET_NAME)";
				SWIFT_VERSION = 5.0;
				TARGETED_DEVICE_FAMILY = "1,2";
				TEST_HOST = "$(BUILT_PRODUCTS_DIR)/Viper-Reddis-Reader.app/Viper-Reddis-Reader";
			};
			name = Debug;
		};
		0FE84A65265BE0070051A96E /* Release */ = {
			isa = XCBuildConfiguration;
			buildSettings = {
				ALWAYS_EMBED_SWIFT_STANDARD_LIBRARIES = YES;
				BUNDLE_LOADER = "$(TEST_HOST)";
				CODE_SIGN_STYLE = Automatic;
				INFOPLIST_FILE = "Viper-Reddis-ReaderTests/Info.plist";
				IPHONEOS_DEPLOYMENT_TARGET = 14.5;
				LD_RUNPATH_SEARCH_PATHS = (
					"$(inherited)",
					"@executable_path/Frameworks",
					"@loader_path/Frameworks",
				);
				PRODUCT_BUNDLE_IDENTIFIER = "com.nievesjesus.Viper-Reddis-ReaderTests";
				PRODUCT_NAME = "$(TARGET_NAME)";
				SWIFT_VERSION = 5.0;
				TARGETED_DEVICE_FAMILY = "1,2";
				TEST_HOST = "$(BUILT_PRODUCTS_DIR)/Viper-Reddis-Reader.app/Viper-Reddis-Reader";
			};
			name = Release;
		};
		0FE84A67265BE0070051A96E /* Debug */ = {
			isa = XCBuildConfiguration;
			buildSettings = {
				ALWAYS_EMBED_SWIFT_STANDARD_LIBRARIES = YES;
				CODE_SIGN_STYLE = Automatic;
				INFOPLIST_FILE = "Viper-Reddis-ReaderUITests/Info.plist";
				LD_RUNPATH_SEARCH_PATHS = (
					"$(inherited)",
					"@executable_path/Frameworks",
					"@loader_path/Frameworks",
				);
				PRODUCT_BUNDLE_IDENTIFIER = "com.nievesjesus.Viper-Reddis-ReaderUITests";
				PRODUCT_NAME = "$(TARGET_NAME)";
				SWIFT_VERSION = 5.0;
				TARGETED_DEVICE_FAMILY = "1,2";
				TEST_TARGET_NAME = "Viper-Reddis-Reader";
			};
			name = Debug;
		};
		0FE84A68265BE0070051A96E /* Release */ = {
			isa = XCBuildConfiguration;
			buildSettings = {
				ALWAYS_EMBED_SWIFT_STANDARD_LIBRARIES = YES;
				CODE_SIGN_STYLE = Automatic;
				INFOPLIST_FILE = "Viper-Reddis-ReaderUITests/Info.plist";
				LD_RUNPATH_SEARCH_PATHS = (
					"$(inherited)",
					"@executable_path/Frameworks",
					"@loader_path/Frameworks",
				);
				PRODUCT_BUNDLE_IDENTIFIER = "com.nievesjesus.Viper-Reddis-ReaderUITests";
				PRODUCT_NAME = "$(TARGET_NAME)";
				SWIFT_VERSION = 5.0;
				TARGETED_DEVICE_FAMILY = "1,2";
				TEST_TARGET_NAME = "Viper-Reddis-Reader";
			};
			name = Release;
		};
/* End XCBuildConfiguration section */

/* Begin XCConfigurationList section */
		0FE84A31265BE0050051A96E /* Build configuration list for PBXProject "Viper-Reddis-Reader" */ = {
			isa = XCConfigurationList;
			buildConfigurations = (
				0FE84A5E265BE0070051A96E /* Debug */,
				0FE84A5F265BE0070051A96E /* Release */,
			);
			defaultConfigurationIsVisible = 0;
			defaultConfigurationName = Release;
		};
		0FE84A60265BE0070051A96E /* Build configuration list for PBXNativeTarget "Viper-Reddis-Reader" */ = {
			isa = XCConfigurationList;
			buildConfigurations = (
				0FE84A61265BE0070051A96E /* Debug */,
				0FE84A62265BE0070051A96E /* Release */,
			);
			defaultConfigurationIsVisible = 0;
			defaultConfigurationName = Release;
		};
		0FE84A63265BE0070051A96E /* Build configuration list for PBXNativeTarget "Viper-Reddis-ReaderTests" */ = {
			isa = XCConfigurationList;
			buildConfigurations = (
				0FE84A64265BE0070051A96E /* Debug */,
				0FE84A65265BE0070051A96E /* Release */,
			);
			defaultConfigurationIsVisible = 0;
			defaultConfigurationName = Release;
		};
		0FE84A66265BE0070051A96E /* Build configuration list for PBXNativeTarget "Viper-Reddis-ReaderUITests" */ = {
			isa = XCConfigurationList;
			buildConfigurations = (
				0FE84A67265BE0070051A96E /* Debug */,
				0FE84A68265BE0070051A96E /* Release */,
			);
			defaultConfigurationIsVisible = 0;
			defaultConfigurationName = Release;
		};
/* End XCConfigurationList section */
	};
	rootObject = 0FE84A2E265BE0050051A96E /* Project object */;
}
